
Microsoft Visual Studio Solution File, Format Version 12.00
# Visual Studio Version 16
VisualStudioVersion = 25.0.1705.0
MinimumVisualStudioVersion = 10.0.40219.1
Project("{FAE04EC0-301F-11D3-BF4B-00C04F79EFBC}") = "CMS_miniAPI", "CMS_miniAPI\CMS_miniAPI.csproj", "{A277DD5C-66F1-41E6-8D3B-D884FC764B88}"
EndProject
Global
	GlobalSection(SolutionConfigurationPlatforms) = preSolution
		Debug|Any CPU = Debug|Any CPU
		Release|Any CPU = Release|Any CPU
	EndGlobalSection
	GlobalSection(ProjectConfigurationPlatforms) = postSolution
		{A277DD5C-66F1-41E6-8D3B-D884FC764B88}.Debug|Any CPU.ActiveCfg = Debug|Any CPU
		{A277DD5C-66F1-41E6-8D3B-D884FC764B88}.Debug|Any CPU.Build.0 = Debug|Any CPU
		{A277DD5C-66F1-41E6-8D3B-D884FC764B88}.Release|Any CPU.ActiveCfg = Release|Any CPU
		{A277DD5C-66F1-41E6-8D3B-D884FC764B88}.Release|Any CPU.Build.0 = Release|Any CPU
	EndGlobalSection
	GlobalSection(SolutionProperties) = preSolution
		HideSolutionNode = FALSE
	EndGlobalSection
	GlobalSection(ExtensibilityGlobals) = postSolution
		SolutionGuid = {0C5DCEBA-1C91-40F0-A68A-9A1EA18D5059}
	EndGlobalSection
EndGlobal
